// !$*UTF8*$!
{
	archiveVersion = 1;
	classes = {
	};
	objectVersion = 46;
	objects = {

/* Begin PBXBuildFile section */
		70882A589CB2F93388DCC675 /* Pods_Chattos.framework in Frameworks */ = {isa = PBXBuildFile; fileRef = A368C57668ADA80D7252B7B1 /* Pods_Chattos.framework */; };
		B406A2F11F2694B20013B73F /* MainChatWindowView.swift in Sources */ = {isa = PBXBuildFile; fileRef = B406A2F01F2694B20013B73F /* MainChatWindowView.swift */; };
		B4088FE11F23FA7B008E6518 /* AppDelegate.swift in Sources */ = {isa = PBXBuildFile; fileRef = B4088FE01F23FA7B008E6518 /* AppDelegate.swift */; };
		B4088FE31F23FA7B008E6518 /* ViewController.swift in Sources */ = {isa = PBXBuildFile; fileRef = B4088FE21F23FA7B008E6518 /* ViewController.swift */; };
		B4088FE61F23FA7B008E6518 /* Main.storyboard in Resources */ = {isa = PBXBuildFile; fileRef = B4088FE41F23FA7B008E6518 /* Main.storyboard */; };
		B4088FE81F23FA7B008E6518 /* Assets.xcassets in Resources */ = {isa = PBXBuildFile; fileRef = B4088FE71F23FA7B008E6518 /* Assets.xcassets */; };
		B4088FEB1F23FA7B008E6518 /* LaunchScreen.storyboard in Resources */ = {isa = PBXBuildFile; fileRef = B4088FE91F23FA7B008E6518 /* LaunchScreen.storyboard */; };
		B4174C4E1F2BB245002C0C42 /* ViewChat.swift in Sources */ = {isa = PBXBuildFile; fileRef = B4174C4D1F2BB245002C0C42 /* ViewChat.swift */; };
		B426E0711F399AF900911E3B /* Utils.swift in Sources */ = {isa = PBXBuildFile; fileRef = B426E0701F399AF900911E3B /* Utils.swift */; };
		B4308FA61F37A53C00F432CB /* AppData.swift in Sources */ = {isa = PBXBuildFile; fileRef = B4308FA51F37A53C00F432CB /* AppData.swift */; };
		B4308FA81F37AD2000F432CB /* JSQMessageExtension.swift in Sources */ = {isa = PBXBuildFile; fileRef = B4308FA71F37AD2000F432CB /* JSQMessageExtension.swift */; };
		B45E072E1F3A0EAF00886E74 /* MainCWindow.swift in Sources */ = {isa = PBXBuildFile; fileRef = B45E072D1F3A0EAF00886E74 /* MainCWindow.swift */; };
		B48F35011F26979500BB3967 /* ChatMainTableViewCell.swift in Sources */ = {isa = PBXBuildFile; fileRef = B48F35001F26979500BB3967 /* ChatMainTableViewCell.swift */; };
		B48F35031F2697EF00BB3967 /* RowModelMainScreen.swift in Sources */ = {isa = PBXBuildFile; fileRef = B48F35021F2697EF00BB3967 /* RowModelMainScreen.swift */; };
		B49642911F2421B700DA6F18 /* UITextUL.swift in Sources */ = {isa = PBXBuildFile; fileRef = B49642901F2421B700DA6F18 /* UITextUL.swift */; };
		B49DE2691F3CEE740063A47F /* ContactsVC.swift in Sources */ = {isa = PBXBuildFile; fileRef = B49DE2681F3CEE740063A47F /* ContactsVC.swift */; };
		B4A7CD3E1F2A93DE00F769C9 /* MessagePlayer.swift in Sources */ = {isa = PBXBuildFile; fileRef = B4A7CD3D1F2A93DE00F769C9 /* MessagePlayer.swift */; };
		B4C702921F328CC400CBC39F /* ObjectContainer.swift in Sources */ = {isa = PBXBuildFile; fileRef = B4C702911F328CC400CBC39F /* ObjectContainer.swift */; };
		B4E155851F24B0D70090351D /* swoosh.wav in Resources */ = {isa = PBXBuildFile; fileRef = B4E155841F24B0D70090351D /* swoosh.wav */; };
		B4E155871F24C7490090351D /* Constants.swift in Sources */ = {isa = PBXBuildFile; fileRef = B4E155861F24C7490090351D /* Constants.swift */; };
		B4E1558B1F24DA4C0090351D /* ChatOnXMPPController.swift in Sources */ = {isa = PBXBuildFile; fileRef = B4E1558A1F24DA4C0090351D /* ChatOnXMPPController.swift */; };
		B4E1558D1F24DBEC0090351D /* ChatOnProtocol.swift in Sources */ = {isa = PBXBuildFile; fileRef = B4E1558C1F24DBEC0090351D /* ChatOnProtocol.swift */; };
		B4E1558F1F24DE490090351D /* ChatOnXMPPEvents.swift in Sources */ = {isa = PBXBuildFile; fileRef = B4E1558E1F24DE490090351D /* ChatOnXMPPEvents.swift */; };
		B4E777B01F33DB8000C5BB40 /* MessageViewIncoming.swift in Sources */ = {isa = PBXBuildFile; fileRef = B4E777AF1F33DB8000C5BB40 /* MessageViewIncoming.swift */; };
		B4E777B21F33DBC000C5BB40 /* MessageViewOutgoing.swift in Sources */ = {isa = PBXBuildFile; fileRef = B4E777B11F33DBC000C5BB40 /* MessageViewOutgoing.swift */; };
/* End PBXBuildFile section */

/* Begin PBXFileReference section */
		45431E6EA0E83CB5E6BCEFCB /* Pods-Chattos.release.xcconfig */ = {isa = PBXFileReference; includeInIndex = 1; lastKnownFileType = text.xcconfig; name = "Pods-Chattos.release.xcconfig"; path = "Pods/Target Support Files/Pods-Chattos/Pods-Chattos.release.xcconfig"; sourceTree = "<group>"; };
		A368C57668ADA80D7252B7B1 /* Pods_Chattos.framework */ = {isa = PBXFileReference; explicitFileType = wrapper.framework; includeInIndex = 0; path = Pods_Chattos.framework; sourceTree = BUILT_PRODUCTS_DIR; };
		B406A2F01F2694B20013B73F /* MainChatWindowView.swift */ = {isa = PBXFileReference; fileEncoding = 4; lastKnownFileType = sourcecode.swift; path = MainChatWindowView.swift; sourceTree = "<group>"; };
		B4088FDD1F23FA7B008E6518 /* Chattos.app */ = {isa = PBXFileReference; explicitFileType = wrapper.application; includeInIndex = 0; path = Chattos.app; sourceTree = BUILT_PRODUCTS_DIR; };
		B4088FE01F23FA7B008E6518 /* AppDelegate.swift */ = {isa = PBXFileReference; lastKnownFileType = sourcecode.swift; path = AppDelegate.swift; sourceTree = "<group>"; };
		B4088FE21F23FA7B008E6518 /* ViewController.swift */ = {isa = PBXFileReference; lastKnownFileType = sourcecode.swift; path = ViewController.swift; sourceTree = "<group>"; };
		B4088FE51F23FA7B008E6518 /* Base */ = {isa = PBXFileReference; lastKnownFileType = file.storyboard; name = Base; path = Base.lproj/Main.storyboard; sourceTree = "<group>"; };
		B4088FE71F23FA7B008E6518 /* Assets.xcassets */ = {isa = PBXFileReference; lastKnownFileType = folder.assetcatalog; path = Assets.xcassets; sourceTree = "<group>"; };
		B4088FEA1F23FA7B008E6518 /* Base */ = {isa = PBXFileReference; lastKnownFileType = file.storyboard; name = Base; path = Base.lproj/LaunchScreen.storyboard; sourceTree = "<group>"; };
		B4088FEC1F23FA7B008E6518 /* Info.plist */ = {isa = PBXFileReference; lastKnownFileType = text.plist.xml; path = Info.plist; sourceTree = "<group>"; };
		B4174C4D1F2BB245002C0C42 /* ViewChat.swift */ = {isa = PBXFileReference; fileEncoding = 4; lastKnownFileType = sourcecode.swift; path = ViewChat.swift; sourceTree = "<group>"; };
		B426E0701F399AF900911E3B /* Utils.swift */ = {isa = PBXFileReference; fileEncoding = 4; lastKnownFileType = sourcecode.swift; path = Utils.swift; sourceTree = "<group>"; };
		B4308FA41F36E5BE00F432CB /* Chattos.entitlements */ = {isa = PBXFileReference; lastKnownFileType = text.plist.entitlements; path = Chattos.entitlements; sourceTree = "<group>"; };
		B4308FA51F37A53C00F432CB /* AppData.swift */ = {isa = PBXFileReference; fileEncoding = 4; lastKnownFileType = sourcecode.swift; path = AppData.swift; sourceTree = "<group>"; };
		B4308FA71F37AD2000F432CB /* JSQMessageExtension.swift */ = {isa = PBXFileReference; fileEncoding = 4; lastKnownFileType = sourcecode.swift; path = JSQMessageExtension.swift; sourceTree = "<group>"; };
		B45E072D1F3A0EAF00886E74 /* MainCWindow.swift */ = {isa = PBXFileReference; fileEncoding = 4; lastKnownFileType = sourcecode.swift; path = MainCWindow.swift; sourceTree = "<group>"; };
		B48F35001F26979500BB3967 /* ChatMainTableViewCell.swift */ = {isa = PBXFileReference; fileEncoding = 4; lastKnownFileType = sourcecode.swift; path = ChatMainTableViewCell.swift; sourceTree = "<group>"; };
		B48F35021F2697EF00BB3967 /* RowModelMainScreen.swift */ = {isa = PBXFileReference; fileEncoding = 4; lastKnownFileType = sourcecode.swift; path = RowModelMainScreen.swift; sourceTree = "<group>"; };
		B49642901F2421B700DA6F18 /* UITextUL.swift */ = {isa = PBXFileReference; fileEncoding = 4; lastKnownFileType = sourcecode.swift; path = UITextUL.swift; sourceTree = "<group>"; };
		B49DE2681F3CEE740063A47F /* ContactsVC.swift */ = {isa = PBXFileReference; fileEncoding = 4; lastKnownFileType = sourcecode.swift; path = ContactsVC.swift; sourceTree = "<group>"; };
		B4A7CD3D1F2A93DE00F769C9 /* MessagePlayer.swift */ = {isa = PBXFileReference; fileEncoding = 4; lastKnownFileType = sourcecode.swift; path = MessagePlayer.swift; sourceTree = "<group>"; };
		B4C702911F328CC400CBC39F /* ObjectContainer.swift */ = {isa = PBXFileReference; fileEncoding = 4; lastKnownFileType = sourcecode.swift; path = ObjectContainer.swift; sourceTree = "<group>"; };
		B4E155841F24B0D70090351D /* swoosh.wav */ = {isa = PBXFileReference; lastKnownFileType = audio.wav; path = swoosh.wav; sourceTree = "<group>"; };
		B4E155861F24C7490090351D /* Constants.swift */ = {isa = PBXFileReference; fileEncoding = 4; lastKnownFileType = sourcecode.swift; path = Constants.swift; sourceTree = "<group>"; };
		B4E1558A1F24DA4C0090351D /* ChatOnXMPPController.swift */ = {isa = PBXFileReference; fileEncoding = 4; lastKnownFileType = sourcecode.swift; path = ChatOnXMPPController.swift; sourceTree = "<group>"; };
		B4E1558C1F24DBEC0090351D /* ChatOnProtocol.swift */ = {isa = PBXFileReference; fileEncoding = 4; lastKnownFileType = sourcecode.swift; path = ChatOnProtocol.swift; sourceTree = "<group>"; };
		B4E1558E1F24DE490090351D /* ChatOnXMPPEvents.swift */ = {isa = PBXFileReference; fileEncoding = 4; lastKnownFileType = sourcecode.swift; path = ChatOnXMPPEvents.swift; sourceTree = "<group>"; };
		B4E777AF1F33DB8000C5BB40 /* MessageViewIncoming.swift */ = {isa = PBXFileReference; fileEncoding = 4; lastKnownFileType = sourcecode.swift; path = MessageViewIncoming.swift; sourceTree = "<group>"; };
		B4E777B11F33DBC000C5BB40 /* MessageViewOutgoing.swift */ = {isa = PBXFileReference; fileEncoding = 4; lastKnownFileType = sourcecode.swift; path = MessageViewOutgoing.swift; sourceTree = "<group>"; };
		F748C3E50316CD20E8C5FF8E /* Pods-Chattos.debug.xcconfig */ = {isa = PBXFileReference; includeInIndex = 1; lastKnownFileType = text.xcconfig; name = "Pods-Chattos.debug.xcconfig"; path = "Pods/Target Support Files/Pods-Chattos/Pods-Chattos.debug.xcconfig"; sourceTree = "<group>"; };
/* End PBXFileReference section */

/* Begin PBXFrameworksBuildPhase section */
		B4088FDA1F23FA7B008E6518 /* Frameworks */ = {
			isa = PBXFrameworksBuildPhase;
			buildActionMask = 2147483647;
			files = (
				70882A589CB2F93388DCC675 /* Pods_Chattos.framework in Frameworks */,
			);
			runOnlyForDeploymentPostprocessing = 0;
		};
/* End PBXFrameworksBuildPhase section */

/* Begin PBXGroup section */
		B2AD513489EB084A1077962E /* Pods */ = {
			isa = PBXGroup;
			children = (
				F748C3E50316CD20E8C5FF8E /* Pods-Chattos.debug.xcconfig */,
				45431E6EA0E83CB5E6BCEFCB /* Pods-Chattos.release.xcconfig */,
			);
			name = Pods;
			sourceTree = "<group>";
		};
		B4088FD41F23FA7B008E6518 = {
			isa = PBXGroup;
			children = (
				B4E155841F24B0D70090351D /* swoosh.wav */,
				B4088FDF1F23FA7B008E6518 /* Chattos */,
				B4088FDE1F23FA7B008E6518 /* Products */,
				B2AD513489EB084A1077962E /* Pods */,
				B69FC43CF1653D0AAB0F1A78 /* Frameworks */,
			);
			sourceTree = "<group>";
		};
		B4088FDE1F23FA7B008E6518 /* Products */ = {
			isa = PBXGroup;
			children = (
				B4088FDD1F23FA7B008E6518 /* Chattos.app */,
			);
			name = Products;
			sourceTree = "<group>";
		};
		B4088FDF1F23FA7B008E6518 /* Chattos */ = {
			isa = PBXGroup;
			children = (
				B4308FA41F36E5BE00F432CB /* Chattos.entitlements */,
				B4088FE01F23FA7B008E6518 /* AppDelegate.swift */,
				B4088FE21F23FA7B008E6518 /* ViewController.swift */,
				B4174C4D1F2BB245002C0C42 /* ViewChat.swift */,
				B406A2F01F2694B20013B73F /* MainChatWindowView.swift */,
				B45E072D1F3A0EAF00886E74 /* MainCWindow.swift */,
				B49DE2681F3CEE740063A47F /* ContactsVC.swift */,
				B4308FA71F37AD2000F432CB /* JSQMessageExtension.swift */,
				B4088FE41F23FA7B008E6518 /* Main.storyboard */,
				B49642901F2421B700DA6F18 /* UITextUL.swift */,
				B4088FE71F23FA7B008E6518 /* Assets.xcassets */,
				B4088FE91F23FA7B008E6518 /* LaunchScreen.storyboard */,
				B4088FEC1F23FA7B008E6518 /* Info.plist */,
				B4E1558A1F24DA4C0090351D /* ChatOnXMPPController.swift */,
				B426E0701F399AF900911E3B /* Utils.swift */,
				B4E1558E1F24DE490090351D /* ChatOnXMPPEvents.swift */,
				B4A7CD3D1F2A93DE00F769C9 /* MessagePlayer.swift */,
				B4E1558C1F24DBEC0090351D /* ChatOnProtocol.swift */,
				B4E155861F24C7490090351D /* Constants.swift */,
				B48F35001F26979500BB3967 /* ChatMainTableViewCell.swift */,
				B48F35021F2697EF00BB3967 /* RowModelMainScreen.swift */,
				B4C702911F328CC400CBC39F /* ObjectContainer.swift */,
				B4E777AF1F33DB8000C5BB40 /* MessageViewIncoming.swift */,
				B4E777B11F33DBC000C5BB40 /* MessageViewOutgoing.swift */,
				B4308FA51F37A53C00F432CB /* AppData.swift */,
			);
			path = Chattos;
			sourceTree = "<group>";
		};
		B69FC43CF1653D0AAB0F1A78 /* Frameworks */ = {
			isa = PBXGroup;
			children = (
				A368C57668ADA80D7252B7B1 /* Pods_Chattos.framework */,
			);
			name = Frameworks;
			sourceTree = "<group>";
		};
/* End PBXGroup section */

/* Begin PBXNativeTarget section */
		B4088FDC1F23FA7B008E6518 /* Chattos */ = {
			isa = PBXNativeTarget;
			buildConfigurationList = B4088FEF1F23FA7B008E6518 /* Build configuration list for PBXNativeTarget "Chattos" */;
			buildPhases = (
				CE124911054C5232CC174571 /* [CP] Check Pods Manifest.lock */,
				B4088FD91F23FA7B008E6518 /* Sources */,
				B4088FDA1F23FA7B008E6518 /* Frameworks */,
				B4088FDB1F23FA7B008E6518 /* Resources */,
				41B4942FA44AD7B8DAAA5FD6 /* [CP] Embed Pods Frameworks */,
				7FBE2B898B2AB92D2E927BA7 /* [CP] Copy Pods Resources */,
			);
			buildRules = (
			);
			dependencies = (
			);
			name = Chattos;
			productName = Chattos;
			productReference = B4088FDD1F23FA7B008E6518 /* Chattos.app */;
			productType = "com.apple.product-type.application";
		};
/* End PBXNativeTarget section */

/* Begin PBXProject section */
		B4088FD51F23FA7B008E6518 /* Project object */ = {
			isa = PBXProject;
			attributes = {
				LastSwiftUpdateCheck = 0830;
				LastUpgradeCheck = 0830;
				ORGANIZATIONNAME = "Shalabh  Soni";
				TargetAttributes = {
					B4088FDC1F23FA7B008E6518 = {
						CreatedOnToolsVersion = 8.3.3;
						DevelopmentTeam = 4PBQYSSP8B;
						ProvisioningStyle = Manual;
						SystemCapabilities = {
							com.apple.BackgroundModes = {
								enabled = 1;
							};
							com.apple.Push = {
								enabled = 1;
							};
						};
					};
				};
			};
			buildConfigurationList = B4088FD81F23FA7B008E6518 /* Build configuration list for PBXProject "Chattos" */;
			compatibilityVersion = "Xcode 3.2";
			developmentRegion = English;
			hasScannedForEncodings = 0;
			knownRegions = (
				en,
				Base,
			);
			mainGroup = B4088FD41F23FA7B008E6518;
			productRefGroup = B4088FDE1F23FA7B008E6518 /* Products */;
			projectDirPath = "";
			projectRoot = "";
			targets = (
				B4088FDC1F23FA7B008E6518 /* Chattos */,
			);
		};
/* End PBXProject section */

/* Begin PBXResourcesBuildPhase section */
		B4088FDB1F23FA7B008E6518 /* Resources */ = {
			isa = PBXResourcesBuildPhase;
			buildActionMask = 2147483647;
			files = (
				B4E155851F24B0D70090351D /* swoosh.wav in Resources */,
				B4088FEB1F23FA7B008E6518 /* LaunchScreen.storyboard in Resources */,
				B4088FE81F23FA7B008E6518 /* Assets.xcassets in Resources */,
				B4088FE61F23FA7B008E6518 /* Main.storyboard in Resources */,
			);
			runOnlyForDeploymentPostprocessing = 0;
		};
/* End PBXResourcesBuildPhase section */

/* Begin PBXShellScriptBuildPhase section */
		41B4942FA44AD7B8DAAA5FD6 /* [CP] Embed Pods Frameworks */ = {
			isa = PBXShellScriptBuildPhase;
			buildActionMask = 2147483647;
			files = (
			);
			inputPaths = (
			);
			name = "[CP] Embed Pods Frameworks";
			outputPaths = (
			);
			runOnlyForDeploymentPostprocessing = 0;
			shellPath = /bin/sh;
			shellScript = "\"${SRCROOT}/Pods/Target Support Files/Pods-Chattos/Pods-Chattos-frameworks.sh\"\n";
			showEnvVarsInLog = 0;
		};
		7FBE2B898B2AB92D2E927BA7 /* [CP] Copy Pods Resources */ = {
			isa = PBXShellScriptBuildPhase;
			buildActionMask = 2147483647;
			files = (
			);
			inputPaths = (
			);
			name = "[CP] Copy Pods Resources";
			outputPaths = (
			);
			runOnlyForDeploymentPostprocessing = 0;
			shellPath = /bin/sh;
			shellScript = "\"${SRCROOT}/Pods/Target Support Files/Pods-Chattos/Pods-Chattos-resources.sh\"\n";
			showEnvVarsInLog = 0;
		};
		CE124911054C5232CC174571 /* [CP] Check Pods Manifest.lock */ = {
			isa = PBXShellScriptBuildPhase;
			buildActionMask = 2147483647;
			files = (
			);
			inputPaths = (
			);
			name = "[CP] Check Pods Manifest.lock";
			outputPaths = (
			);
			runOnlyForDeploymentPostprocessing = 0;
			shellPath = /bin/sh;
			shellScript = "diff \"${PODS_PODFILE_DIR_PATH}/Podfile.lock\" \"${PODS_ROOT}/Manifest.lock\" > /dev/null\nif [ $? != 0 ] ; then\n    # print error to STDERR\n    echo \"error: The sandbox is not in sync with the Podfile.lock. Run 'pod install' or update your CocoaPods installation.\" >&2\n    exit 1\nfi\n";
			showEnvVarsInLog = 0;
		};
/* End PBXShellScriptBuildPhase section */

/* Begin PBXSourcesBuildPhase section */
		B4088FD91F23FA7B008E6518 /* Sources */ = {
			isa = PBXSourcesBuildPhase;
			buildActionMask = 2147483647;
			files = (
				B45E072E1F3A0EAF00886E74 /* MainCWindow.swift in Sources */,
				B4174C4E1F2BB245002C0C42 /* ViewChat.swift in Sources */,
				B4A7CD3E1F2A93DE00F769C9 /* MessagePlayer.swift in Sources */,
				B4308FA81F37AD2000F432CB /* JSQMessageExtension.swift in Sources */,
				B4E777B01F33DB8000C5BB40 /* MessageViewIncoming.swift in Sources */,
				B4308FA61F37A53C00F432CB /* AppData.swift in Sources */,
				B4E1558F1F24DE490090351D /* ChatOnXMPPEvents.swift in Sources */,
				B4C702921F328CC400CBC39F /* ObjectContainer.swift in Sources */,
				B4E155871F24C7490090351D /* Constants.swift in Sources */,
				B4088FE31F23FA7B008E6518 /* ViewController.swift in Sources */,
				B48F35031F2697EF00BB3967 /* RowModelMainScreen.swift in Sources */,
				B406A2F11F2694B20013B73F /* MainChatWindowView.swift in Sources */,
				B426E0711F399AF900911E3B /* Utils.swift in Sources */,
				B48F35011F26979500BB3967 /* ChatMainTableViewCell.swift in Sources */,
				B49642911F2421B700DA6F18 /* UITextUL.swift in Sources */,
				B4088FE11F23FA7B008E6518 /* AppDelegate.swift in Sources */,
				B4E1558B1F24DA4C0090351D /* ChatOnXMPPController.swift in Sources */,
				B4E1558D1F24DBEC0090351D /* ChatOnProtocol.swift in Sources */,
				B4E777B21F33DBC000C5BB40 /* MessageViewOutgoing.swift in Sources */,
				B49DE2691F3CEE740063A47F /* ContactsVC.swift in Sources */,
			);
			runOnlyForDeploymentPostprocessing = 0;
		};
/* End PBXSourcesBuildPhase section */

/* Begin PBXVariantGroup section */
		B4088FE41F23FA7B008E6518 /* Main.storyboard */ = {
			isa = PBXVariantGroup;
			children = (
				B4088FE51F23FA7B008E6518 /* Base */,
			);
			name = Main.storyboard;
			sourceTree = "<group>";
		};
		B4088FE91F23FA7B008E6518 /* LaunchScreen.storyboard */ = {
			isa = PBXVariantGroup;
			children = (
				B4088FEA1F23FA7B008E6518 /* Base */,
			);
			name = LaunchScreen.storyboard;
			sourceTree = "<group>";
		};
/* End PBXVariantGroup section */

/* Begin XCBuildConfiguration section */
		B4088FED1F23FA7B008E6518 /* Debug */ = {
			isa = XCBuildConfiguration;
			buildSettings = {
				ALWAYS_SEARCH_USER_PATHS = NO;
				CLANG_ANALYZER_NONNULL = YES;
				CLANG_ANALYZER_NUMBER_OBJECT_CONVERSION = YES_AGGRESSIVE;
				CLANG_CXX_LANGUAGE_STANDARD = "gnu++0x";
				CLANG_CXX_LIBRARY = "libc++";
				CLANG_ENABLE_MODULES = YES;
				CLANG_ENABLE_OBJC_ARC = YES;
				CLANG_WARN_BOOL_CONVERSION = YES;
				CLANG_WARN_CONSTANT_CONVERSION = YES;
				CLANG_WARN_DIRECT_OBJC_ISA_USAGE = YES_ERROR;
				CLANG_WARN_DOCUMENTATION_COMMENTS = YES;
				CLANG_WARN_EMPTY_BODY = YES;
				CLANG_WARN_ENUM_CONVERSION = YES;
				CLANG_WARN_INFINITE_RECURSION = YES;
				CLANG_WARN_INT_CONVERSION = YES;
				CLANG_WARN_OBJC_ROOT_CLASS = YES_ERROR;
				CLANG_WARN_SUSPICIOUS_MOVE = YES;
				CLANG_WARN_UNREACHABLE_CODE = YES;
				CLANG_WARN__DUPLICATE_METHOD_MATCH = YES;
				"CODE_SIGN_IDENTITY[sdk=iphoneos*]" = "iPhone Developer";
				COPY_PHASE_STRIP = NO;
				DEBUG_INFORMATION_FORMAT = dwarf;
				ENABLE_STRICT_OBJC_MSGSEND = YES;
				ENABLE_TESTABILITY = YES;
				GCC_C_LANGUAGE_STANDARD = gnu99;
				GCC_DYNAMIC_NO_PIC = NO;
				GCC_NO_COMMON_BLOCKS = YES;
				GCC_OPTIMIZATION_LEVEL = 0;
				GCC_PREPROCESSOR_DEFINITIONS = (
					"DEBUG=1",
					"$(inherited)",
				);
				GCC_WARN_64_TO_32_BIT_CONVERSION = YES;
				GCC_WARN_ABOUT_RETURN_TYPE = YES_ERROR;
				GCC_WARN_UNDECLARED_SELECTOR = YES;
				GCC_WARN_UNINITIALIZED_AUTOS = YES_AGGRESSIVE;
				GCC_WARN_UNUSED_FUNCTION = YES;
				GCC_WARN_UNUSED_VARIABLE = YES;
				IPHONEOS_DEPLOYMENT_TARGET = 10.3;
				MTL_ENABLE_DEBUG_INFO = YES;
				ONLY_ACTIVE_ARCH = YES;
				SDKROOT = iphoneos;
				SWIFT_ACTIVE_COMPILATION_CONDITIONS = DEBUG;
				SWIFT_OPTIMIZATION_LEVEL = "-Onone";
				TARGETED_DEVICE_FAMILY = "1,2";
			};
			name = Debug;
		};
		B4088FEE1F23FA7B008E6518 /* Release */ = {
			isa = XCBuildConfiguration;
			buildSettings = {
				ALWAYS_SEARCH_USER_PATHS = NO;
				CLANG_ANALYZER_NONNULL = YES;
				CLANG_ANALYZER_NUMBER_OBJECT_CONVERSION = YES_AGGRESSIVE;
				CLANG_CXX_LANGUAGE_STANDARD = "gnu++0x";
				CLANG_CXX_LIBRARY = "libc++";
				CLANG_ENABLE_MODULES = YES;
				CLANG_ENABLE_OBJC_ARC = YES;
				CLANG_WARN_BOOL_CONVERSION = YES;
				CLANG_WARN_CONSTANT_CONVERSION = YES;
				CLANG_WARN_DIRECT_OBJC_ISA_USAGE = YES_ERROR;
				CLANG_WARN_DOCUMENTATION_COMMENTS = YES;
				CLANG_WARN_EMPTY_BODY = YES;
				CLANG_WARN_ENUM_CONVERSION = YES;
				CLANG_WARN_INFINITE_RECURSION = YES;
				CLANG_WARN_INT_CONVERSION = YES;
				CLANG_WARN_OBJC_ROOT_CLASS = YES_ERROR;
				CLANG_WARN_SUSPICIOUS_MOVE = YES;
				CLANG_WARN_UNREACHABLE_CODE = YES;
				CLANG_WARN__DUPLICATE_METHOD_MATCH = YES;
				"CODE_SIGN_IDENTITY[sdk=iphoneos*]" = "iPhone Developer";
				COPY_PHASE_STRIP = NO;
				DEBUG_INFORMATION_FORMAT = "dwarf-with-dsym";
				ENABLE_NS_ASSERTIONS = NO;
				ENABLE_STRICT_OBJC_MSGSEND = YES;
				GCC_C_LANGUAGE_STANDARD = gnu99;
				GCC_NO_COMMON_BLOCKS = YES;
				GCC_WARN_64_TO_32_BIT_CONVERSION = YES;
				GCC_WARN_ABOUT_RETURN_TYPE = YES_ERROR;
				GCC_WARN_UNDECLARED_SELECTOR = YES;
				GCC_WARN_UNINITIALIZED_AUTOS = YES_AGGRESSIVE;
				GCC_WARN_UNUSED_FUNCTION = YES;
				GCC_WARN_UNUSED_VARIABLE = YES;
				IPHONEOS_DEPLOYMENT_TARGET = 10.3;
				MTL_ENABLE_DEBUG_INFO = NO;
				SDKROOT = iphoneos;
				SWIFT_OPTIMIZATION_LEVEL = "-Owholemodule";
				TARGETED_DEVICE_FAMILY = "1,2";
				VALIDATE_PRODUCT = YES;
			};
			name = Release;
		};
		B4088FF01F23FA7B008E6518 /* Debug */ = {
			isa = XCBuildConfiguration;
			baseConfigurationReference = F748C3E50316CD20E8C5FF8E /* Pods-Chattos.debug.xcconfig */;
			buildSettings = {
				ASSETCATALOG_COMPILER_APPICON_NAME = AppIcon;
				ASSETCATALOG_COMPILER_LAUNCHIMAGE_NAME = LaunchImage;
				CODE_SIGN_ENTITLEMENTS = Chattos/Chattos.entitlements;
				"CODE_SIGN_IDENTITY[sdk=iphoneos*]" = "iPhone Developer";
				DEVELOPMENT_TEAM = 4PBQYSSP8B;
				INFOPLIST_FILE = Chattos/Info.plist;
				LD_RUNPATH_SEARCH_PATHS = "$(inherited) @executable_path/Frameworks";
				PRODUCT_BUNDLE_IDENTIFIER = com.shalabh.Chattost;
				PRODUCT_NAME = "$(TARGET_NAME)";
				PROVISIONING_PROFILE = "7ce2220b-6cd1-4fd0-952a-48d7c30ff338";
				PROVISIONING_PROFILE_SPECIFIER = SSForChatOS;
				SWIFT_VERSION = 3.0;
				TARGETED_DEVICE_FAMILY = 1;
			};
			name = Debug;
		};
		B4088FF11F23FA7B008E6518 /* Release */ = {
			isa = XCBuildConfiguration;
			baseConfigurationReference = 45431E6EA0E83CB5E6BCEFCB /* Pods-Chattos.release.xcconfig */;
			buildSettings = {
				ASSETCATALOG_COMPILER_APPICON_NAME = AppIcon;
				ASSETCATALOG_COMPILER_LAUNCHIMAGE_NAME = LaunchImage;
				CODE_SIGN_ENTITLEMENTS = Chattos/Chattos.entitlements;
				"CODE_SIGN_IDENTITY[sdk=iphoneos*]" = "iPhone Developer";
				DEVELOPMENT_TEAM = 4PBQYSSP8B;
				INFOPLIST_FILE = Chattos/Info.plist;
				LD_RUNPATH_SEARCH_PATHS = "$(inherited) @executable_path/Frameworks";
				PRODUCT_BUNDLE_IDENTIFIER = com.shalabh.Chattost;
				PRODUCT_NAME = "$(TARGET_NAME)";
				PROVISIONING_PROFILE = "7ce2220b-6cd1-4fd0-952a-48d7c30ff338";
				PROVISIONING_PROFILE_SPECIFIER = SSForChatOS;
				SWIFT_VERSION = 3.0;
				TARGETED_DEVICE_FAMILY = 1;
			};
			name = Release;
		};
/* End XCBuildConfiguration section */

/* Begin XCConfigurationList section */
		B4088FD81F23FA7B008E6518 /* Build configuration list for PBXProject "Chattos" */ = {
			isa = XCConfigurationList;
			buildConfigurations = (
				B4088FED1F23FA7B008E6518 /* Debug */,
				B4088FEE1F23FA7B008E6518 /* Release */,
			);
			defaultConfigurationIsVisible = 0;
			defaultConfigurationName = Release;
		};
		B4088FEF1F23FA7B008E6518 /* Build configuration list for PBXNativeTarget "Chattos" */ = {
			isa = XCConfigurationList;
			buildConfigurations = (
				B4088FF01F23FA7B008E6518 /* Debug */,
				B4088FF11F23FA7B008E6518 /* Release */,
			);
			defaultConfigurationIsVisible = 0;
			defaultConfigurationName = Release;
		};
/* End XCConfigurationList section */
	};
	rootObject = B4088FD51F23FA7B008E6518 /* Project object */;
}
